
Microsoft Visual Studio Solution File, Format Version 12.00
# Visual Studio Version 16
VisualStudioVersion = 16.0.809.5
MinimumVisualStudioVersion = 10.0.40219.1
Project("{FAE04EC0-301F-11D3-BF4B-00C04F79EFBC}") = "XamarinChartJS", "XamarinChartJS.csproj", "{3EDF8610-883F-46FD-85B1-34AABCB6838C}"
EndProject
Global
	GlobalSection(SolutionConfigurationPlatforms) = preSolution
		Debug|Any CPU = Debug|Any CPU
		Release|Any CPU = Release|Any CPU
	EndGlobalSection
	GlobalSection(ProjectConfigurationPlatforms) = postSolution
		{3EDF8610-883F-46FD-85B1-34AABCB6838C}.Debug|Any CPU.ActiveCfg = Debug|Any CPU
		{3EDF8610-883F-46FD-85B1-34AABCB6838C}.Debug|Any CPU.Build.0 = Debug|Any CPU
		{3EDF8610-883F-46FD-85B1-34AABCB6838C}.Release|Any CPU.ActiveCfg = Release|Any CPU
		{3EDF8610-883F-46FD-85B1-34AABCB6838C}.Release|Any CPU.Build.0 = Release|Any CPU
	EndGlobalSection
	GlobalSection(SolutionProperties) = preSolution
		HideSolutionNode = FALSE
	EndGlobalSection
	GlobalSection(ExtensibilityGlobals) = postSolution
		SolutionGuid = {84C302A9-9A10-4365-808D-EC6539FFCDC2}
	EndGlobalSection
EndGlobal
