
Microsoft Visual Studio Solution File, Format Version 12.00
# Visual Studio Version 16
VisualStudioVersion = 16.0.809.5
MinimumVisualStudioVersion = 10.0.40219.1
Project("{FAE04EC0-301F-11D3-BF4B-00C04F79EFBC}") = "Plugin", "Plugin\Plugin.csproj", "{F51796ED-DC21-4CA4-891C-D249DDC7FD01}"
EndProject
Project("{2150E333-8FDC-42A3-9474-1A3956D46DE8}") = "Solution Items", "Solution Items", "{973BEF80-0389-47D6-BE19-3C99236D1FB4}"
	ProjectSection(SolutionItems) = preProject
		.gitignore = .gitignore
		README.md = README.md
	EndProjectSection
EndProject
Global
	GlobalSection(SolutionConfigurationPlatforms) = preSolution
		Debug|Any CPU = Debug|Any CPU
		Release|Any CPU = Release|Any CPU
	EndGlobalSection
	GlobalSection(ProjectConfigurationPlatforms) = postSolution
		{F51796ED-DC21-4CA4-891C-D249DDC7FD01}.Debug|Any CPU.ActiveCfg = Debug|Any CPU
		{F51796ED-DC21-4CA4-891C-D249DDC7FD01}.Debug|Any CPU.Build.0 = Debug|Any CPU
		{F51796ED-DC21-4CA4-891C-D249DDC7FD01}.Release|Any CPU.ActiveCfg = Release|Any CPU
		{F51796ED-DC21-4CA4-891C-D249DDC7FD01}.Release|Any CPU.Build.0 = Release|Any CPU
	EndGlobalSection
	GlobalSection(SolutionProperties) = preSolution
		HideSolutionNode = FALSE
	EndGlobalSection
	GlobalSection(ExtensibilityGlobals) = postSolution
		SolutionGuid = {84C302A9-9A10-4365-808D-EC6539FFCDC2}
	EndGlobalSection
EndGlobal
